// !$*UTF8*$!
{
	archiveVersion = 1;
	classes = {
	};
	objectVersion = 46;
	objects = {

/* Begin PBXBuildFile section */
		62338F501B43CD6D00C3D536 /* AppDelegate.swift in Sources */ = {isa = PBXBuildFile; fileRef = 62338F4F1B43CD6D00C3D536 /* AppDelegate.swift */; };
		62338F521B43CD6D00C3D536 /* ViewController.swift in Sources */ = {isa = PBXBuildFile; fileRef = 62338F511B43CD6D00C3D536 /* ViewController.swift */; };
		62338F551B43CD6D00C3D536 /* Main.storyboard in Resources */ = {isa = PBXBuildFile; fileRef = 62338F531B43CD6D00C3D536 /* Main.storyboard */; };
		62338F571B43CD6D00C3D536 /* Images.xcassets in Resources */ = {isa = PBXBuildFile; fileRef = 62338F561B43CD6D00C3D536 /* Images.xcassets */; };
		62338F5A1B43CD6D00C3D536 /* LaunchScreen.xib in Resources */ = {isa = PBXBuildFile; fileRef = 62338F581B43CD6D00C3D536 /* LaunchScreen.xib */; };
		62338F661B43CD6D00C3D536 /* TestTests.swift in Sources */ = {isa = PBXBuildFile; fileRef = 62338F651B43CD6D00C3D536 /* TestTests.swift */; };
		62D8B4D91B4B9E3E00A47305 /* AppBackground.png in Resources */ = {isa = PBXBuildFile; fileRef = 62D8B4D81B4B9E3D00A47305 /* AppBackground.png */; };
		62EEA59F1B4544010027DDD4 /* icon.png in Resources */ = {isa = PBXBuildFile; fileRef = 62EEA59E1B4544010027DDD4 /* icon.png */; };
		62EEA5A31B4544250027DDD4 /* bad.png in Resources */ = {isa = PBXBuildFile; fileRef = 62EEA5A01B4544250027DDD4 /* bad.png */; };
		62EEA5A51B4544250027DDD4 /* good.png in Resources */ = {isa = PBXBuildFile; fileRef = 62EEA5A21B4544250027DDD4 /* good.png */; };
		62EEA5A81B45443C0027DDD4 /* female.jpg in Resources */ = {isa = PBXBuildFile; fileRef = 62EEA5A61B45443C0027DDD4 /* female.jpg */; };
		62EEA5A91B45443C0027DDD4 /* male.jpg in Resources */ = {isa = PBXBuildFile; fileRef = 62EEA5A71B45443C0027DDD4 /* male.jpg */; };
		62EEA5AB1B4553E50027DDD4 /* msg.png in Resources */ = {isa = PBXBuildFile; fileRef = 62EEA5AA1B4553E50027DDD4 /* msg.png */; };
/* End PBXBuildFile section */

/* Begin PBXContainerItemProxy section */
		62338F601B43CD6D00C3D536 /* PBXContainerItemProxy */ = {
			isa = PBXContainerItemProxy;
			containerPortal = 62338F421B43CD6D00C3D536 /* Project object */;
			proxyType = 1;
			remoteGlobalIDString = 62338F491B43CD6D00C3D536;
			remoteInfo = Test;
		};
/* End PBXContainerItemProxy section */

/* Begin PBXFileReference section */
		62338F4A1B43CD6D00C3D536 /* Test.app */ = {isa = PBXFileReference; explicitFileType = wrapper.application; includeInIndex = 0; path = Test.app; sourceTree = BUILT_PRODUCTS_DIR; };
		62338F4E1B43CD6D00C3D536 /* Info.plist */ = {isa = PBXFileReference; lastKnownFileType = text.plist.xml; path = Info.plist; sourceTree = "<group>"; };
		62338F4F1B43CD6D00C3D536 /* AppDelegate.swift */ = {isa = PBXFileReference; lastKnownFileType = sourcecode.swift; path = AppDelegate.swift; sourceTree = "<group>"; };
		62338F511B43CD6D00C3D536 /* ViewController.swift */ = {isa = PBXFileReference; lastKnownFileType = sourcecode.swift; path = ViewController.swift; sourceTree = "<group>"; };
		62338F541B43CD6D00C3D536 /* Base */ = {isa = PBXFileReference; lastKnownFileType = file.storyboard; name = Base; path = Base.lproj/Main.storyboard; sourceTree = "<group>"; };
		62338F561B43CD6D00C3D536 /* Images.xcassets */ = {isa = PBXFileReference; lastKnownFileType = folder.assetcatalog; path = Images.xcassets; sourceTree = "<group>"; };
		62338F591B43CD6D00C3D536 /* Base */ = {isa = PBXFileReference; lastKnownFileType = file.xib; name = Base; path = Base.lproj/LaunchScreen.xib; sourceTree = "<group>"; };
		62338F5F1B43CD6D00C3D536 /* TestTests.xctest */ = {isa = PBXFileReference; explicitFileType = wrapper.cfbundle; includeInIndex = 0; path = TestTests.xctest; sourceTree = BUILT_PRODUCTS_DIR; };
		62338F641B43CD6D00C3D536 /* Info.plist */ = {isa = PBXFileReference; lastKnownFileType = text.plist.xml; path = Info.plist; sourceTree = "<group>"; };
		62338F651B43CD6D00C3D536 /* TestTests.swift */ = {isa = PBXFileReference; lastKnownFileType = sourcecode.swift; path = TestTests.swift; sourceTree = "<group>"; };
		62D8B4D81B4B9E3D00A47305 /* AppBackground.png */ = {isa = PBXFileReference; lastKnownFileType = image.png; path = AppBackground.png; sourceTree = "<group>"; };
		62EEA59E1B4544010027DDD4 /* icon.png */ = {isa = PBXFileReference; lastKnownFileType = image.png; name = icon.png; path = img/icon.png; sourceTree = SOURCE_ROOT; };
		62EEA5A01B4544250027DDD4 /* bad.png */ = {isa = PBXFileReference; lastKnownFileType = image.png; name = bad.png; path = img/bad.png; sourceTree = SOURCE_ROOT; };
		62EEA5A21B4544250027DDD4 /* good.png */ = {isa = PBXFileReference; lastKnownFileType = image.png; name = good.png; path = img/good.png; sourceTree = SOURCE_ROOT; };
		62EEA5A61B45443C0027DDD4 /* female.jpg */ = {isa = PBXFileReference; lastKnownFileType = image.jpeg; name = female.jpg; path = img/female.jpg; sourceTree = SOURCE_ROOT; };
		62EEA5A71B45443C0027DDD4 /* male.jpg */ = {isa = PBXFileReference; lastKnownFileType = image.jpeg; name = male.jpg; path = img/male.jpg; sourceTree = SOURCE_ROOT; };
		62EEA5AA1B4553E50027DDD4 /* msg.png */ = {isa = PBXFileReference; lastKnownFileType = image.png; name = msg.png; path = img/msg.png; sourceTree = SOURCE_ROOT; };
/* End PBXFileReference section */

/* Begin PBXFrameworksBuildPhase section */
		62338F471B43CD6D00C3D536 /* Frameworks */ = {
			isa = PBXFrameworksBuildPhase;
			buildActionMask = 2147483647;
			files = (
			);
			runOnlyForDeploymentPostprocessing = 0;
		};
		62338F5C1B43CD6D00C3D536 /* Frameworks */ = {
			isa = PBXFrameworksBuildPhase;
			buildActionMask = 2147483647;
			files = (
			);
			runOnlyForDeploymentPostprocessing = 0;
		};
/* End PBXFrameworksBuildPhase section */

/* Begin PBXGroup section */
		62338F411B43CD6D00C3D536 = {
			isa = PBXGroup;
			children = (
				62338F4C1B43CD6D00C3D536 /* Test */,
				62338F621B43CD6D00C3D536 /* TestTests */,
				62338F4B1B43CD6D00C3D536 /* Products */,
			);
			sourceTree = "<group>";
		};
		62338F4B1B43CD6D00C3D536 /* Products */ = {
			isa = PBXGroup;
			children = (
				62338F4A1B43CD6D00C3D536 /* Test.app */,
				62338F5F1B43CD6D00C3D536 /* TestTests.xctest */,
			);
			name = Products;
			sourceTree = "<group>";
		};
		62338F4C1B43CD6D00C3D536 /* Test */ = {
			isa = PBXGroup;
			children = (
				62338F4F1B43CD6D00C3D536 /* AppDelegate.swift */,
				62338F511B43CD6D00C3D536 /* ViewController.swift */,
				62338F531B43CD6D00C3D536 /* Main.storyboard */,
				62338F561B43CD6D00C3D536 /* Images.xcassets */,
				62338F581B43CD6D00C3D536 /* LaunchScreen.xib */,
				62338F4D1B43CD6D00C3D536 /* Supporting Files */,
			);
			path = Test;
			sourceTree = "<group>";
		};
		62338F4D1B43CD6D00C3D536 /* Supporting Files */ = {
			isa = PBXGroup;
			children = (
				62EEA59E1B4544010027DDD4 /* icon.png */,
				62338F6F1B43D54100C3D536 /* img */,
				62338F4E1B43CD6D00C3D536 /* Info.plist */,
			);
			name = "Supporting Files";
			sourceTree = "<group>";
		};
		62338F621B43CD6D00C3D536 /* TestTests */ = {
			isa = PBXGroup;
			children = (
				62338F651B43CD6D00C3D536 /* TestTests.swift */,
				62338F631B43CD6D00C3D536 /* Supporting Files */,
			);
			path = TestTests;
			sourceTree = "<group>";
		};
		62338F631B43CD6D00C3D536 /* Supporting Files */ = {
			isa = PBXGroup;
			children = (
				62338F641B43CD6D00C3D536 /* Info.plist */,
			);
			name = "Supporting Files";
			sourceTree = "<group>";
		};
		62338F6F1B43D54100C3D536 /* img */ = {
			isa = PBXGroup;
			children = (
				62EEA5971B453EDD0027DDD4 /* btn */,
				62EEA5901B45336F0027DDD4 /* head */,
				62338F701B43D55200C3D536 /* bg */,
			);
			name = img;
			sourceTree = "<group>";
		};
		62338F701B43D55200C3D536 /* bg */ = {
			isa = PBXGroup;
			children = (
				62D8B4D81B4B9E3D00A47305 /* AppBackground.png */,
			);
			name = bg;
			sourceTree = "<group>";
		};
		62EEA5901B45336F0027DDD4 /* head */ = {
			isa = PBXGroup;
			children = (
				62EEA5A61B45443C0027DDD4 /* female.jpg */,
				62EEA5A71B45443C0027DDD4 /* male.jpg */,
			);
			name = head;
			sourceTree = "<group>";
		};
		62EEA5971B453EDD0027DDD4 /* btn */ = {
			isa = PBXGroup;
			children = (
				62EEA5AA1B4553E50027DDD4 /* msg.png */,
				62EEA5A01B4544250027DDD4 /* bad.png */,
				62EEA5A21B4544250027DDD4 /* good.png */,
			);
			name = btn;
			sourceTree = "<group>";
		};
/* End PBXGroup section */

/* Begin PBXNativeTarget section */
		62338F491B43CD6D00C3D536 /* Test */ = {
			isa = PBXNativeTarget;
			buildConfigurationList = 62338F691B43CD6D00C3D536 /* Build configuration list for PBXNativeTarget "Test" */;
			buildPhases = (
				62338F461B43CD6D00C3D536 /* Sources */,
				62338F471B43CD6D00C3D536 /* Frameworks */,
				62338F481B43CD6D00C3D536 /* Resources */,
			);
			buildRules = (
			);
			dependencies = (
			);
			name = Test;
			productName = Test;
			productReference = 62338F4A1B43CD6D00C3D536 /* Test.app */;
			productType = "com.apple.product-type.application";
		};
		62338F5E1B43CD6D00C3D536 /* TestTests */ = {
			isa = PBXNativeTarget;
			buildConfigurationList = 62338F6C1B43CD6D00C3D536 /* Build configuration list for PBXNativeTarget "TestTests" */;
			buildPhases = (
				62338F5B1B43CD6D00C3D536 /* Sources */,
				62338F5C1B43CD6D00C3D536 /* Frameworks */,
				62338F5D1B43CD6D00C3D536 /* Resources */,
			);
			buildRules = (
			);
			dependencies = (
				62338F611B43CD6D00C3D536 /* PBXTargetDependency */,
			);
			name = TestTests;
			productName = TestTests;
			productReference = 62338F5F1B43CD6D00C3D536 /* TestTests.xctest */;
			productType = "com.apple.product-type.bundle.unit-test";
		};
/* End PBXNativeTarget section */

/* Begin PBXProject section */
		62338F421B43CD6D00C3D536 /* Project object */ = {
			isa = PBXProject;
			attributes = {
				LastUpgradeCheck = 0640;
				ORGANIZATIONNAME = "王斌";
				TargetAttributes = {
					62338F491B43CD6D00C3D536 = {
						CreatedOnToolsVersion = 6.4;
					};
					62338F5E1B43CD6D00C3D536 = {
						CreatedOnToolsVersion = 6.4;
						TestTargetID = 62338F491B43CD6D00C3D536;
					};
				};
			};
			buildConfigurationList = 62338F451B43CD6D00C3D536 /* Build configuration list for PBXProject "Test" */;
			compatibilityVersion = "Xcode 3.2";
			developmentRegion = English;
			hasScannedForEncodings = 0;
			knownRegions = (
				en,
				Base,
			);
			mainGroup = 62338F411B43CD6D00C3D536;
			productRefGroup = 62338F4B1B43CD6D00C3D536 /* Products */;
			projectDirPath = "";
			projectRoot = "";
			targets = (
				62338F491B43CD6D00C3D536 /* Test */,
				62338F5E1B43CD6D00C3D536 /* TestTests */,
			);
		};
/* End PBXProject section */

/* Begin PBXResourcesBuildPhase section */
		62338F481B43CD6D00C3D536 /* Resources */ = {
			isa = PBXResourcesBuildPhase;
			buildActionMask = 2147483647;
			files = (
				62EEA59F1B4544010027DDD4 /* icon.png in Resources */,
				62D8B4D91B4B9E3E00A47305 /* AppBackground.png in Resources */,
				62EEA5A51B4544250027DDD4 /* good.png in Resources */,
				62EEA5A81B45443C0027DDD4 /* female.jpg in Resources */,
				62EEA5A91B45443C0027DDD4 /* male.jpg in Resources */,
				62338F551B43CD6D00C3D536 /* Main.storyboard in Resources */,
				62338F5A1B43CD6D00C3D536 /* LaunchScreen.xib in Resources */,
				62EEA5AB1B4553E50027DDD4 /* msg.png in Resources */,
				62EEA5A31B4544250027DDD4 /* bad.png in Resources */,
				62338F571B43CD6D00C3D536 /* Images.xcassets in Resources */,
			);
			runOnlyForDeploymentPostprocessing = 0;
		};
		62338F5D1B43CD6D00C3D536 /* Resources */ = {
			isa = PBXResourcesBuildPhase;
			buildActionMask = 2147483647;
			files = (
			);
			runOnlyForDeploymentPostprocessing = 0;
		};
/* End PBXResourcesBuildPhase section */

/* Begin PBXSourcesBuildPhase section */
		62338F461B43CD6D00C3D536 /* Sources */ = {
			isa = PBXSourcesBuildPhase;
			buildActionMask = 2147483647;
			files = (
				62338F521B43CD6D00C3D536 /* ViewController.swift in Sources */,
				62338F501B43CD6D00C3D536 /* AppDelegate.swift in Sources */,
			);
			runOnlyForDeploymentPostprocessing = 0;
		};
		62338F5B1B43CD6D00C3D536 /* Sources */ = {
			isa = PBXSourcesBuildPhase;
			buildActionMask = 2147483647;
			files = (
				62338F661B43CD6D00C3D536 /* TestTests.swift in Sources */,
			);
			runOnlyForDeploymentPostprocessing = 0;
		};
/* End PBXSourcesBuildPhase section */

/* Begin PBXTargetDependency section */
		62338F611B43CD6D00C3D536 /* PBXTargetDependency */ = {
			isa = PBXTargetDependency;
			target = 62338F491B43CD6D00C3D536 /* Test */;
			targetProxy = 62338F601B43CD6D00C3D536 /* PBXContainerItemProxy */;
		};
/* End PBXTargetDependency section */

/* Begin PBXVariantGroup section */
		62338F531B43CD6D00C3D536 /* Main.storyboard */ = {
			isa = PBXVariantGroup;
			children = (
				62338F541B43CD6D00C3D536 /* Base */,
			);
			name = Main.storyboard;
			sourceTree = "<group>";
		};
		62338F581B43CD6D00C3D536 /* LaunchScreen.xib */ = {
			isa = PBXVariantGroup;
			children = (
				62338F591B43CD6D00C3D536 /* Base */,
			);
			name = LaunchScreen.xib;
			sourceTree = "<group>";
		};
/* End PBXVariantGroup section */

/* Begin XCBuildConfiguration section */
		62338F671B43CD6D00C3D536 /* Debug */ = {
			isa = XCBuildConfiguration;
			buildSettings = {
				ALWAYS_SEARCH_USER_PATHS = NO;
				CLANG_CXX_LANGUAGE_STANDARD = "gnu++0x";
				CLANG_CXX_LIBRARY = "libc++";
				CLANG_ENABLE_MODULES = YES;
				CLANG_ENABLE_OBJC_ARC = YES;
				CLANG_WARN_BOOL_CONVERSION = YES;
				CLANG_WARN_CONSTANT_CONVERSION = YES;
				CLANG_WARN_DIRECT_OBJC_ISA_USAGE = YES_ERROR;
				CLANG_WARN_EMPTY_BODY = YES;
				CLANG_WARN_ENUM_CONVERSION = YES;
				CLANG_WARN_INT_CONVERSION = YES;
				CLANG_WARN_OBJC_ROOT_CLASS = YES_ERROR;
				CLANG_WARN_UNREACHABLE_CODE = YES;
				CLANG_WARN__DUPLICATE_METHOD_MATCH = YES;
				"CODE_SIGN_IDENTITY[sdk=iphoneos*]" = "iPhone Developer";
				COPY_PHASE_STRIP = NO;
				DEBUG_INFORMATION_FORMAT = "dwarf-with-dsym";
				ENABLE_STRICT_OBJC_MSGSEND = YES;
				GCC_C_LANGUAGE_STANDARD = gnu99;
				GCC_DYNAMIC_NO_PIC = NO;
				GCC_NO_COMMON_BLOCKS = YES;
				GCC_OPTIMIZATION_LEVEL = 0;
				GCC_PREPROCESSOR_DEFINITIONS = (
					"DEBUG=1",
					"$(inherited)",
				);
				GCC_SYMBOLS_PRIVATE_EXTERN = NO;
				GCC_WARN_64_TO_32_BIT_CONVERSION = YES;
				GCC_WARN_ABOUT_RETURN_TYPE = YES_ERROR;
				GCC_WARN_UNDECLARED_SELECTOR = YES;
				GCC_WARN_UNINITIALIZED_AUTOS = YES_AGGRESSIVE;
				GCC_WARN_UNUSED_FUNCTION = YES;
				GCC_WARN_UNUSED_VARIABLE = YES;
				IPHONEOS_DEPLOYMENT_TARGET = 8.4;
				MTL_ENABLE_DEBUG_INFO = YES;
				ONLY_ACTIVE_ARCH = YES;
				SDKROOT = iphoneos;
				SWIFT_OPTIMIZATION_LEVEL = "-Onone";
			};
			name = Debug;
		};
		62338F681B43CD6D00C3D536 /* Release */ = {
			isa = XCBuildConfiguration;
			buildSettings = {
				ALWAYS_SEARCH_USER_PATHS = NO;
				CLANG_CXX_LANGUAGE_STANDARD = "gnu++0x";
				CLANG_CXX_LIBRARY = "libc++";
				CLANG_ENABLE_MODULES = YES;
				CLANG_ENABLE_OBJC_ARC = YES;
				CLANG_WARN_BOOL_CONVERSION = YES;
				CLANG_WARN_CONSTANT_CONVERSION = YES;
				CLANG_WARN_DIRECT_OBJC_ISA_USAGE = YES_ERROR;
				CLANG_WARN_EMPTY_BODY = YES;
				CLANG_WARN_ENUM_CONVERSION = YES;
				CLANG_WARN_INT_CONVERSION = YES;
				CLANG_WARN_OBJC_ROOT_CLASS = YES_ERROR;
				CLANG_WARN_UNREACHABLE_CODE = YES;
				CLANG_WARN__DUPLICATE_METHOD_MATCH = YES;
				"CODE_SIGN_IDENTITY[sdk=iphoneos*]" = "iPhone Developer";
				COPY_PHASE_STRIP = NO;
				DEBUG_INFORMATION_FORMAT = "dwarf-with-dsym";
				ENABLE_NS_ASSERTIONS = NO;
				ENABLE_STRICT_OBJC_MSGSEND = YES;
				GCC_C_LANGUAGE_STANDARD = gnu99;
				GCC_NO_COMMON_BLOCKS = YES;
				GCC_WARN_64_TO_32_BIT_CONVERSION = YES;
				GCC_WARN_ABOUT_RETURN_TYPE = YES_ERROR;
				GCC_WARN_UNDECLARED_SELECTOR = YES;
				GCC_WARN_UNINITIALIZED_AUTOS = YES_AGGRESSIVE;
				GCC_WARN_UNUSED_FUNCTION = YES;
				GCC_WARN_UNUSED_VARIABLE = YES;
				IPHONEOS_DEPLOYMENT_TARGET = 8.4;
				MTL_ENABLE_DEBUG_INFO = NO;
				SDKROOT = iphoneos;
				VALIDATE_PRODUCT = YES;
			};
			name = Release;
		};
		62338F6A1B43CD6D00C3D536 /* Debug */ = {
			isa = XCBuildConfiguration;
			buildSettings = {
				ASSETCATALOG_COMPILER_APPICON_NAME = AppIcon;
				INFOPLIST_FILE = Test/Info.plist;
				LD_RUNPATH_SEARCH_PATHS = "$(inherited) @executable_path/Frameworks";
				PRODUCT_NAME = "$(TARGET_NAME)";
			};
			name = Debug;
		};
		62338F6B1B43CD6D00C3D536 /* Release */ = {
			isa = XCBuildConfiguration;
			buildSettings = {
				ASSETCATALOG_COMPILER_APPICON_NAME = AppIcon;
				INFOPLIST_FILE = Test/Info.plist;
				LD_RUNPATH_SEARCH_PATHS = "$(inherited) @executable_path/Frameworks";
				PRODUCT_NAME = "$(TARGET_NAME)";
			};
			name = Release;
		};
		62338F6D1B43CD6D00C3D536 /* Debug */ = {
			isa = XCBuildConfiguration;
			buildSettings = {
				BUNDLE_LOADER = "$(TEST_HOST)";
				FRAMEWORK_SEARCH_PATHS = (
					"$(SDKROOT)/Developer/Library/Frameworks",
					"$(inherited)",
				);
				GCC_PREPROCESSOR_DEFINITIONS = (
					"DEBUG=1",
					"$(inherited)",
				);
				INFOPLIST_FILE = TestTests/Info.plist;
				LD_RUNPATH_SEARCH_PATHS = "$(inherited) @executable_path/Frameworks @loader_path/Frameworks";
				PRODUCT_NAME = "$(TARGET_NAME)";
				TEST_HOST = "$(BUILT_PRODUCTS_DIR)/Test.app/Test";
			};
			name = Debug;
		};
		62338F6E1B43CD6D00C3D536 /* Release */ = {
			isa = XCBuildConfiguration;
			buildSettings = {
				BUNDLE_LOADER = "$(TEST_HOST)";
				FRAMEWORK_SEARCH_PATHS = (
					"$(SDKROOT)/Developer/Library/Frameworks",
					"$(inherited)",
				);
				INFOPLIST_FILE = TestTests/Info.plist;
				LD_RUNPATH_SEARCH_PATHS = "$(inherited) @executable_path/Frameworks @loader_path/Frameworks";
				PRODUCT_NAME = "$(TARGET_NAME)";
				TEST_HOST = "$(BUILT_PRODUCTS_DIR)/Test.app/Test";
			};
			name = Release;
		};
/* End XCBuildConfiguration section */

/* Begin XCConfigurationList section */
		62338F451B43CD6D00C3D536 /* Build configuration list for PBXProject "Test" */ = {
			isa = XCConfigurationList;
			buildConfigurations = (
				62338F671B43CD6D00C3D536 /* Debug */,
				62338F681B43CD6D00C3D536 /* Release */,
			);
			defaultConfigurationIsVisible = 0;
			defaultConfigurationName = Release;
		};
		62338F691B43CD6D00C3D536 /* Build configuration list for PBXNativeTarget "Test" */ = {
			isa = XCConfigurationList;
			buildConfigurations = (
				62338F6A1B43CD6D00C3D536 /* Debug */,
				62338F6B1B43CD6D00C3D536 /* Release */,
			);
			defaultConfigurationIsVisible = 0;
			defaultConfigurationName = Release;
		};
		62338F6C1B43CD6D00C3D536 /* Build configuration list for PBXNativeTarget "TestTests" */ = {
			isa = XCConfigurationList;
			buildConfigurations = (
				62338F6D1B43CD6D00C3D536 /* Debug */,
				62338F6E1B43CD6D00C3D536 /* Release */,
			);
			defaultConfigurationIsVisible = 0;
			defaultConfigurationName = Release;
		};
/* End XCConfigurationList section */
	};
	rootObject = 62338F421B43CD6D00C3D536 /* Project object */;
}
